
Microsoft Visual Studio Solution File, Format Version 12.00
# Visual Studio 2012
Project("{FAE04EC0-301F-11D3-BF4B-00C04F79EFBC}") = "Carnotaurus.GhostPubsMvc.Web", "Carnotaurus.GhostPubsMvc.Web\Carnotaurus.GhostPubsMvc.Web.csproj", "{A8F8CD36-55BB-4E18-91F3-60B62FA96868}"
EndProject
Project("{FAE04EC0-301F-11D3-BF4B-00C04F79EFBC}") = "Carnotaurus.GhostPubsMvc.Web.Tests", "Carnotaurus.GhostPubsMvc.Web.Tests\Carnotaurus.GhostPubsMvc.Web.Tests.csproj", "{79FADE47-2611-4E4F-A27C-11971A5C2CF3}"
EndProject
Global
	GlobalSection(SubversionScc) = preSolution
		Svn-Managed = True
		Manager = AnkhSVN - Subversion Support for Visual Studio
	EndGlobalSection
	GlobalSection(SolutionConfigurationPlatforms) = preSolution
		Debug|Any CPU = Debug|Any CPU
		Release|Any CPU = Release|Any CPU
	EndGlobalSection
	GlobalSection(ProjectConfigurationPlatforms) = postSolution
		{A8F8CD36-55BB-4E18-91F3-60B62FA96868}.Debug|Any CPU.ActiveCfg = Debug|Any CPU
		{A8F8CD36-55BB-4E18-91F3-60B62FA96868}.Debug|Any CPU.Build.0 = Debug|Any CPU
		{A8F8CD36-55BB-4E18-91F3-60B62FA96868}.Release|Any CPU.ActiveCfg = Release|Any CPU
		{A8F8CD36-55BB-4E18-91F3-60B62FA96868}.Release|Any CPU.Build.0 = Release|Any CPU
		{79FADE47-2611-4E4F-A27C-11971A5C2CF3}.Debug|Any CPU.ActiveCfg = Debug|Any CPU
		{79FADE47-2611-4E4F-A27C-11971A5C2CF3}.Debug|Any CPU.Build.0 = Debug|Any CPU
		{79FADE47-2611-4E4F-A27C-11971A5C2CF3}.Release|Any CPU.ActiveCfg = Release|Any CPU
		{79FADE47-2611-4E4F-A27C-11971A5C2CF3}.Release|Any CPU.Build.0 = Release|Any CPU
	EndGlobalSection
	GlobalSection(SolutionProperties) = preSolution
		HideSolutionNode = FALSE
	EndGlobalSection
EndGlobal
